<?xml version="1.0" encoding="utf-8"?>
<Project ToolsVersion="4.0" xmlns="http://schemas.microsoft.com/developer/msbuild/2003">
  <ItemGroup>
    <ClCompile Include="..\..\src\Profiling\CPUInformation.cpp" />
    <ClCompile Include="..\..\src\Profiling\Timers\RdTsc\RdTscStopwatch.cpp">
      <Filter>Timers\RdTsc</Filter>
    </ClCompile>
  </ItemGroup>
  <ItemGroup>
    <ClInclude Include="..\..\src\Profiling\Containers\HashMap\HashMap.h" />
    <ClInclude Include="..\..\src\Profiling\CPUInformation.h" />
    <ClInclude Include="..\..\src\Profiling\Timers\Chrono\ChronoStopwatch.h">
      <Filter>Timers\Chrono</Filter>
    </ClInclude>
    <ClInclude Include="..\..\src\Profiling\Timers\RdTsc\RdTscStopwatch.h">
      <Filter>Timers\RdTsc</Filter>
    </ClInclude>
    <ClInclude Include="..\..\src\Profiling\Timers\RdTscp\RdTscpStopwatch.h">
      <Filter>Timers\RdTscP</Filter>
    </ClInclude>
    <ClInclude Include="..\..\src\Profiling\Timers\QPC\QPCStopwatch.h">
      <Filter>Timers\QPC</Filter>
    </ClInclude>
  </ItemGroup>
  <ItemGroup>
    <None Include="..\..\src\Profiling\Timers\Chrono\ChronoStopwatch.inl">
      <Filter>Timers\Chrono</Filter>
    </None>
    <None Include="..\..\src\Profiling\Timers\RdTsc\RdTscStopwatch.inl">
      <Filter>Timers\RdTsc</Filter>
    </None>
  </ItemGroup>
  <ItemGroup>
    <Filter Include="Timers">
      <UniqueIdentifier>{7a8436ef-6623-4ca5-b984-2a16aacb2b42}</UniqueIdentifier>
    </Filter>
    <Filter Include="Timers\Chrono">
      <UniqueIdentifier>{3da6a31c-3c8e-4ba8-9b69-88319e9def48}</UniqueIdentifier>
    </Filter>
    <Filter Include="Timers\RdTscP">
      <UniqueIdentifier>{4a0bb1d0-e828-4cbb-8292-ae6cfccb5da1}</UniqueIdentifier>
    </Filter>
    <Filter Include="Timers\RdTsc">
      <UniqueIdentifier>{c10e8089-3763-49d6-85f4-dfda3943f6c7}</UniqueIdentifier>
    </Filter>
    <Filter Include="Timers\QPC">
      <UniqueIdentifier>{eed64f9b-0914-45da-83c5-2274deb39012}</UniqueIdentifier>
    </Filter>
  </ItemGroup>
</Project>