
Microsoft Visual Studio Solution File, Format Version 12.00
# Visual Studio Express 2013 for Windows Desktop
VisualStudioVersion = 12.0.21005.1
MinimumVisualStudioVersion = 10.0.40219.1
Project("{8BC9CEB8-8B4A-11D0-8D11-00A0C91BC942}") = "GlewParser", "glewParser\glewParser.vcxproj", "{7EA7FE03-DA77-43D2-8AE8-7498EF701E33}"
EndProject
Project("{8BC9CEB8-8B4A-11D0-8D11-00A0C91BC942}") = "MakeInsturmentedHeader", "insturmentHeaderApp\insturmentHeaderApp.vcxproj", "{6920E44E-AF54-496C-B6B5-D5DEDB037B77}"
	ProjectSection(ProjectDependencies) = postProject
		{7EA7FE03-DA77-43D2-8AE8-7498EF701E33} = {7EA7FE03-DA77-43D2-8AE8-7498EF701E33}
	EndProjectSection
EndProject
Project("{8BC9CEB8-8B4A-11D0-8D11-00A0C91BC942}") = "TestProject", "TestProject\TestProject.vcxproj", "{0C5D681F-9BDD-4D2F-A6FA-B21F5D87E51C}"
EndProject
Project("{8BC9CEB8-8B4A-11D0-8D11-00A0C91BC942}") = "oplo", "oplo\oplo.vcxproj", "{5538CD74-C4FE-4FFD-8ECC-26C522E1ED6F}"
EndProject
Project("{8BC9CEB8-8B4A-11D0-8D11-00A0C91BC942}") = "InstancingTest", "InstancingTest\InstancingTest.vcxproj", "{723C9E9B-21DF-4619-8DB3-29A1AC740682}"
	ProjectSection(ProjectDependencies) = postProject
		{5538CD74-C4FE-4FFD-8ECC-26C522E1ED6F} = {5538CD74-C4FE-4FFD-8ECC-26C522E1ED6F}
	EndProjectSection
EndProject
Global
	GlobalSection(SolutionConfigurationPlatforms) = preSolution
		Debug|Mixed Platforms = Debug|Mixed Platforms
		Debug|Win32 = Debug|Win32
		Debug|x64 = Debug|x64
		Release|Mixed Platforms = Release|Mixed Platforms
		Release|Win32 = Release|Win32
		Release|x64 = Release|x64
	EndGlobalSection
	GlobalSection(ProjectConfigurationPlatforms) = postSolution
		{7EA7FE03-DA77-43D2-8AE8-7498EF701E33}.Debug|Mixed Platforms.ActiveCfg = Debug|Win32
		{7EA7FE03-DA77-43D2-8AE8-7498EF701E33}.Debug|Mixed Platforms.Build.0 = Debug|Win32
		{7EA7FE03-DA77-43D2-8AE8-7498EF701E33}.Debug|Win32.ActiveCfg = Debug|Win32
		{7EA7FE03-DA77-43D2-8AE8-7498EF701E33}.Debug|Win32.Build.0 = Debug|Win32
		{7EA7FE03-DA77-43D2-8AE8-7498EF701E33}.Debug|x64.ActiveCfg = Debug|x64
		{7EA7FE03-DA77-43D2-8AE8-7498EF701E33}.Debug|x64.Build.0 = Debug|x64
		{7EA7FE03-DA77-43D2-8AE8-7498EF701E33}.Release|Mixed Platforms.ActiveCfg = Release|Win32
		{7EA7FE03-DA77-43D2-8AE8-7498EF701E33}.Release|Mixed Platforms.Build.0 = Release|Win32
		{7EA7FE03-DA77-43D2-8AE8-7498EF701E33}.Release|Win32.ActiveCfg = Release|Win32
		{7EA7FE03-DA77-43D2-8AE8-7498EF701E33}.Release|Win32.Build.0 = Release|Win32
		{7EA7FE03-DA77-43D2-8AE8-7498EF701E33}.Release|x64.ActiveCfg = Release|x64
		{7EA7FE03-DA77-43D2-8AE8-7498EF701E33}.Release|x64.Build.0 = Release|x64
		{6920E44E-AF54-496C-B6B5-D5DEDB037B77}.Debug|Mixed Platforms.ActiveCfg = Debug|Win32
		{6920E44E-AF54-496C-B6B5-D5DEDB037B77}.Debug|Mixed Platforms.Build.0 = Debug|Win32
		{6920E44E-AF54-496C-B6B5-D5DEDB037B77}.Debug|Win32.ActiveCfg = Debug|Win32
		{6920E44E-AF54-496C-B6B5-D5DEDB037B77}.Debug|Win32.Build.0 = Debug|Win32
		{6920E44E-AF54-496C-B6B5-D5DEDB037B77}.Debug|x64.ActiveCfg = Debug|x64
		{6920E44E-AF54-496C-B6B5-D5DEDB037B77}.Debug|x64.Build.0 = Debug|x64
		{6920E44E-AF54-496C-B6B5-D5DEDB037B77}.Release|Mixed Platforms.ActiveCfg = Release|Win32
		{6920E44E-AF54-496C-B6B5-D5DEDB037B77}.Release|Mixed Platforms.Build.0 = Release|Win32
		{6920E44E-AF54-496C-B6B5-D5DEDB037B77}.Release|Win32.ActiveCfg = Release|Win32
		{6920E44E-AF54-496C-B6B5-D5DEDB037B77}.Release|Win32.Build.0 = Release|Win32
		{6920E44E-AF54-496C-B6B5-D5DEDB037B77}.Release|x64.ActiveCfg = Release|x64
		{6920E44E-AF54-496C-B6B5-D5DEDB037B77}.Release|x64.Build.0 = Release|x64
		{0C5D681F-9BDD-4D2F-A6FA-B21F5D87E51C}.Debug|Mixed Platforms.ActiveCfg = Debug|Win32
		{0C5D681F-9BDD-4D2F-A6FA-B21F5D87E51C}.Debug|Mixed Platforms.Build.0 = Debug|Win32
		{0C5D681F-9BDD-4D2F-A6FA-B21F5D87E51C}.Debug|Win32.ActiveCfg = Debug|Win32
		{0C5D681F-9BDD-4D2F-A6FA-B21F5D87E51C}.Debug|Win32.Build.0 = Debug|Win32
		{0C5D681F-9BDD-4D2F-A6FA-B21F5D87E51C}.Debug|x64.ActiveCfg = Debug|x64
		{0C5D681F-9BDD-4D2F-A6FA-B21F5D87E51C}.Debug|x64.Build.0 = Debug|x64
		{0C5D681F-9BDD-4D2F-A6FA-B21F5D87E51C}.Release|Mixed Platforms.ActiveCfg = Release|Win32
		{0C5D681F-9BDD-4D2F-A6FA-B21F5D87E51C}.Release|Mixed Platforms.Build.0 = Release|Win32
		{0C5D681F-9BDD-4D2F-A6FA-B21F5D87E51C}.Release|Win32.ActiveCfg = Release|Win32
		{0C5D681F-9BDD-4D2F-A6FA-B21F5D87E51C}.Release|Win32.Build.0 = Release|Win32
		{0C5D681F-9BDD-4D2F-A6FA-B21F5D87E51C}.Release|x64.ActiveCfg = Release|x64
		{0C5D681F-9BDD-4D2F-A6FA-B21F5D87E51C}.Release|x64.Build.0 = Release|x64
		{5538CD74-C4FE-4FFD-8ECC-26C522E1ED6F}.Debug|Mixed Platforms.ActiveCfg = Debug|Win32
		{5538CD74-C4FE-4FFD-8ECC-26C522E1ED6F}.Debug|Mixed Platforms.Build.0 = Debug|Win32
		{5538CD74-C4FE-4FFD-8ECC-26C522E1ED6F}.Debug|Win32.ActiveCfg = Debug|Win32
		{5538CD74-C4FE-4FFD-8ECC-26C522E1ED6F}.Debug|Win32.Build.0 = Debug|Win32
		{5538CD74-C4FE-4FFD-8ECC-26C522E1ED6F}.Debug|x64.ActiveCfg = Debug|x64
		{5538CD74-C4FE-4FFD-8ECC-26C522E1ED6F}.Debug|x64.Build.0 = Debug|x64
		{5538CD74-C4FE-4FFD-8ECC-26C522E1ED6F}.Release|Mixed Platforms.ActiveCfg = Release|Win32
		{5538CD74-C4FE-4FFD-8ECC-26C522E1ED6F}.Release|Mixed Platforms.Build.0 = Release|Win32
		{5538CD74-C4FE-4FFD-8ECC-26C522E1ED6F}.Release|Win32.ActiveCfg = Release|Win32
		{5538CD74-C4FE-4FFD-8ECC-26C522E1ED6F}.Release|Win32.Build.0 = Release|Win32
		{5538CD74-C4FE-4FFD-8ECC-26C522E1ED6F}.Release|x64.ActiveCfg = Release|x64
		{5538CD74-C4FE-4FFD-8ECC-26C522E1ED6F}.Release|x64.Build.0 = Release|x64
		{723C9E9B-21DF-4619-8DB3-29A1AC740682}.Debug|Mixed Platforms.ActiveCfg = Debug|Win32
		{723C9E9B-21DF-4619-8DB3-29A1AC740682}.Debug|Mixed Platforms.Build.0 = Debug|Win32
		{723C9E9B-21DF-4619-8DB3-29A1AC740682}.Debug|Win32.ActiveCfg = Debug|Win32
		{723C9E9B-21DF-4619-8DB3-29A1AC740682}.Debug|Win32.Build.0 = Debug|Win32
		{723C9E9B-21DF-4619-8DB3-29A1AC740682}.Debug|x64.ActiveCfg = Debug|x64
		{723C9E9B-21DF-4619-8DB3-29A1AC740682}.Debug|x64.Build.0 = Debug|x64
		{723C9E9B-21DF-4619-8DB3-29A1AC740682}.Release|Mixed Platforms.ActiveCfg = Release|Win32
		{723C9E9B-21DF-4619-8DB3-29A1AC740682}.Release|Mixed Platforms.Build.0 = Release|Win32
		{723C9E9B-21DF-4619-8DB3-29A1AC740682}.Release|Win32.ActiveCfg = Release|Win32
		{723C9E9B-21DF-4619-8DB3-29A1AC740682}.Release|Win32.Build.0 = Release|Win32
		{723C9E9B-21DF-4619-8DB3-29A1AC740682}.Release|x64.ActiveCfg = Release|x64
		{723C9E9B-21DF-4619-8DB3-29A1AC740682}.Release|x64.Build.0 = Release|x64
	EndGlobalSection
	GlobalSection(SolutionProperties) = preSolution
		HideSolutionNode = FALSE
	EndGlobalSection
EndGlobal
